
Microsoft Visual Studio Solution File, Format Version 12.00
# Visual Studio 15
VisualStudioVersion = 15.0.28307.168
MinimumVisualStudioVersion = 10.0.40219.1
Project("{9A19103F-16F7-4668-BE54-9A1E7A4F7556}") = "Scraper", "Scraper\Scraper.csproj", "{448CEE09-01E1-4BC3-8373-B122FFFB3159}"
EndProject
Project("{FAE04EC0-301F-11D3-BF4B-00C04F79EFBC}") = "ProfileWebCore", "ProfileWebCore\ProfileWebCore.csproj", "{EEF8392F-3B5E-4B87-A864-293337DF665F}"
EndProject
Global
	GlobalSection(SolutionConfigurationPlatforms) = preSolution
		Debug|Any CPU = Debug|Any CPU
		Release|Any CPU = Release|Any CPU
	EndGlobalSection
	GlobalSection(ProjectConfigurationPlatforms) = postSolution
		{448CEE09-01E1-4BC3-8373-B122FFFB3159}.Debug|Any CPU.ActiveCfg = Debug|Any CPU
		{448CEE09-01E1-4BC3-8373-B122FFFB3159}.Debug|Any CPU.Build.0 = Debug|Any CPU
		{448CEE09-01E1-4BC3-8373-B122FFFB3159}.Release|Any CPU.ActiveCfg = Release|Any CPU
		{448CEE09-01E1-4BC3-8373-B122FFFB3159}.Release|Any CPU.Build.0 = Release|Any CPU
		{EEF8392F-3B5E-4B87-A864-293337DF665F}.Debug|Any CPU.ActiveCfg = Debug|Any CPU
		{EEF8392F-3B5E-4B87-A864-293337DF665F}.Debug|Any CPU.Build.0 = Debug|Any CPU
		{EEF8392F-3B5E-4B87-A864-293337DF665F}.Release|Any CPU.ActiveCfg = Release|Any CPU
		{EEF8392F-3B5E-4B87-A864-293337DF665F}.Release|Any CPU.Build.0 = Release|Any CPU
	EndGlobalSection
	GlobalSection(SolutionProperties) = preSolution
		HideSolutionNode = FALSE
	EndGlobalSection
	GlobalSection(ExtensibilityGlobals) = postSolution
		SolutionGuid = {CF0A1F0A-E165-4926-8930-70CC802DD1CB}
	EndGlobalSection
EndGlobal
